{
  "name": "gitbook",
  "lockfileVersion": 3,
  "requires": true,
  "packages": {
    "": {
      "dependencies": {
        "graceful-fs": "^4.2.11"
      },
      "devDependencies": {
        "gitbook-plugin-remove-published-with-link": "^1.0.3"
      }
    },
    "node_modules/gitbook-plugin-remove-published-with-link": {
      "version": "1.0.3",
      "resolved": "https://registry.npmmirror.com/gitbook-plugin-remove-published-with-link/-/gitbook-plugin-remove-published-with-link-1.0.3.tgz",
      "integrity": "sha512-T8YYOrn0j/zUFJpz8jRkDoOQvPA5OKCjZAH1O0hamKmwNZRz2NeBig39uMH5W15rixcGFKqwGPVOfRZNfNDJzQ==",
      "dev": true,
      "engines": {
        "gitbook": ">1.x.x"
      }
    },
    "node_modules/graceful-fs": {
      "version": "4.2.11",
      "resolved": "https://registry.npmmirror.com/graceful-fs/-/graceful-fs-4.2.11.tgz",
      "integrity": "sha512-RbJ5/jmFcNNCcDV5o9eTnBLJ/HszWV0P73bc+Ff4nS/rJj+YaS6IGyiOL0VoBYX+l1Wrl3k63h/KrH+nhJ0XvQ=="
    }
  }
}
