# THIS IS AN AUTOGENERATED FILE. DO NOT EDIT THIS FILE DIRECTLY.
# yarn lockfile v1


cookiejar@1.3.0:
  version "1.3.0"
  resolved "https://registry.npmmirror.com/cookiejar/-/cookiejar-1.3.0.tgz#dd00b35679021e99cbd4e855b9ad041913474765"
  integrity sha512-U+NgxxtwHIokuL04FqKEkqsaWBDtnCQo+wvYjUCtBA56Lcg8vpV3SGtBx+RAmw92SV3VT8PwsYcCFK/cC3Dw+A==

debug@*:
  version "4.3.5"
  resolved "https://registry.npmmirror.com/debug/-/debug-4.3.5.tgz#e83444eceb9fedd4a1da56d671ae2446a01a6e1e"
  integrity sha512-pt0bNEmneDIvdL1Xsd9oDQ/wrQRkXDT4AUWlNZNPKvW5x/jyO9VFXkJUP07vQ2upmw5PlaITaPKc31jK13V+jg==
  dependencies:
    ms "2.1.2"

embed@^0.0.1:
  version "0.0.1"
  resolved "https://registry.npmmirror.com/embed/-/embed-0.0.1.tgz#ae7f32fc1281dc3bc38b770a7d901d6fc2e7957a"
  integrity sha512-waBm1yRPuFJcH0MRNDJeUuiz+ZEtRtDoqfGGg4tGJeNMNoFwZ721AmAq7fARYGfTLmlk1rAUUcuHntWrS3/1xA==
  dependencies:
    debug "*"
    superagent "0.8.1"

emitter-component@0.0.1:
  version "0.0.1"
  resolved "https://registry.npmmirror.com/emitter-component/-/emitter-component-0.0.1.tgz#26169d5aa708b82e4355102bdfa277ddda26aae2"
  integrity sha512-O1zoNxRLaUkcYTlAt6So0XWyq4cXq2Cik5GYufEjZLdqONwjPTHIHrpcblln0AqwN4oKpHtvaqBZBoX9NJIZaA==

formidable@1.0.9:
  version "1.0.9"
  resolved "https://registry.npmmirror.com/formidable/-/formidable-1.0.9.tgz#419e3bccead3e8874d539f5b3e72a4c503b31a98"
  integrity sha512-tDcFwwnfKheIxsMcKzYjEz4jrcDfHWfyVg5Y9AxPG/YfmkGdOdcHCMDWNg1iIOaSN3VhVD0kCkwayiG9/Drg4Q==

gitbook-plugin-page-toc-button@^0.1.1:
  version "0.1.1"
  resolved "https://registry.npmmirror.com/gitbook-plugin-page-toc-button/-/gitbook-plugin-page-toc-button-0.1.1.tgz"
  integrity sha512-htlxoEWhPkKze4W8xaWJ6KmC95e706dEVH06dKQSmgMEXzfovtxW67PxDwy78f0JB4z1B/3ZkaEoFmbWazAMow==

gitbook-plugin-remove-published-with-link@^1.0.3:
  version "1.0.3"
  resolved "https://registry.npmmirror.com/gitbook-plugin-remove-published-with-link/-/gitbook-plugin-remove-published-with-link-1.0.3.tgz"
  integrity sha512-T8YYOrn0j/zUFJpz8jRkDoOQvPA5OKCjZAH1O0hamKmwNZRz2NeBig39uMH5W15rixcGFKqwGPVOfRZNfNDJzQ==

graceful-fs@^4.2.11:
  version "4.2.11"
  resolved "https://registry.npmmirror.com/graceful-fs/-/graceful-fs-4.2.11.tgz"
  integrity sha512-RbJ5/jmFcNNCcDV5o9eTnBLJ/HszWV0P73bc+Ff4nS/rJj+YaS6IGyiOL0VoBYX+l1Wrl3k63h/KrH+nhJ0XvQ==

methods@0.0.1:
  version "0.0.1"
  resolved "https://registry.npmmirror.com/methods/-/methods-0.0.1.tgz#277c90f8bef39709645a8371c51c3b6c648e068c"
  integrity sha512-pB8oFfci/xcfUgM6DTxc7lbTKifPPgs3mZUOsEgaH+1TTWpmcmv3sHl+5sUHIj2X2W8aPYa2+nJealRHK+Lo6A==

mime@1.2.5:
  version "1.2.5"
  resolved "https://registry.npmmirror.com/mime/-/mime-1.2.5.tgz#9eed073022a8bf5e16c8566c6867b8832bfbfa13"
  integrity sha512-QfwTOA+zRHSZXxl9Y7ue5ifKDhU1prnh0dO67Vgcl7Lcx0+79vL9A1ln0qtVur8CFSdYq5Zhnw9DDZQgwDh8Ng==

ms@2.1.2:
  version "2.1.2"
  resolved "https://registry.npmmirror.com/ms/-/ms-2.1.2.tgz#d09d1f357b443f493382a8eb3ccd183872ae6009"
  integrity sha512-sGkPx+VjMtmA6MX27oA4FBFELFCZZ4S4XqeGOXCv68tT+jb3vk/RyaKWP0PTKyWtmLSM0b+adUTEvbs1PEaH2w==

qs@0.4.2:
  version "0.4.2"
  resolved "https://registry.npmmirror.com/qs/-/qs-0.4.2.tgz#3cac4c861e371a8c9c4770ac23cda8de639b8e5f"
  integrity sha512-VAtfWeUtlBOnGiWFok2vOIMmwumiLmpqXDcXQcAEIQmLYgDbjrkHrcFBfth+YVDeRsz7jX44dhJr7IBJR0t/FQ==

superagent@0.8.1:
  version "0.8.1"
  resolved "https://registry.npmmirror.com/superagent/-/superagent-0.8.1.tgz#bba83bc0c125ae67da11b2af83d73ad1f5b94f5a"
  integrity sha512-QuFeiCjlYW60yTmaEssO3BHtCdT84SiKsYL6cByuYiywmf7MXMsjlaOtGTtlNdR7jLyaYpqLC+9/zBnag4h4cg==
  dependencies:
    cookiejar "1.3.0"
    emitter-component "0.0.1"
    formidable "1.0.9"
    methods "0.0.1"
    mime "1.2.5"
    qs "0.4.2"
