# THIS IS AN AUTOGENERATED FILE. DO NOT EDIT THIS FILE DIRECTLY.
# yarn lockfile v1


gitbook-plugin-page-toc-button@^0.1.1:
  version "0.1.1"
  resolved "https://registry.npmmirror.com/gitbook-plugin-page-toc-button/-/gitbook-plugin-page-toc-button-0.1.1.tgz"
  integrity sha512-htlxoEWhPkKze4W8xaWJ6KmC95e706dEVH06dKQSmgMEXzfovtxW67PxDwy78f0JB4z1B/3ZkaEoFmbWazAMow==

gitbook-plugin-remove-published-with-link@^1.0.3:
  version "1.0.3"
  resolved "https://registry.npmmirror.com/gitbook-plugin-remove-published-with-link/-/gitbook-plugin-remove-published-with-link-1.0.3.tgz"
  integrity sha512-T8YYOrn0j/zUFJpz8jRkDoOQvPA5OKCjZAH1O0hamKmwNZRz2NeBig39uMH5W15rixcGFKqwGPVOfRZNfNDJzQ==

graceful-fs@^4.2.11:
  version "4.2.11"
  resolved "https://registry.npmmirror.com/graceful-fs/-/graceful-fs-4.2.11.tgz"
  integrity sha512-RbJ5/jmFcNNCcDV5o9eTnBLJ/HszWV0P73bc+Ff4nS/rJj+YaS6IGyiOL0VoBYX+l1Wrl3k63h/KrH+nhJ0XvQ==
